<?xml version="1.0" encoding="utf-8"?>
<Project ToolsVersion="4.0" xmlns="http://schemas.microsoft.com/developer/msbuild/2003">
  <ItemGroup>
    <ClCompile Include="DestructableObject.cpp" />
    <ClCompile Include="GameManager.cpp" />
    <ClCompile Include="Entity.cpp" />
    <ClCompile Include="Game.cpp" />
    <ClCompile Include="Loot.cpp" />
    <ClCompile Include="main.cpp" />
    <ClCompile Include="Player.cpp" />
    <ClCompile Include="Scene.cpp" />
    <ClCompile Include="SpriteRenderer.cpp" />
    <ClCompile Include="tileParse.cpp" />
    <ClCompile Include="Enemy.cpp" />
    <ClCompile Include="Projectile.cpp" />
    <ClCompile Include="UI.cpp" />
    <ClCompile Include="SceneManager.cpp" />
    <ClCompile Include="Savepoint.cpp" />
  </ItemGroup>
  <ItemGroup>
    <ClInclude Include="Classes.h" />
    <ClInclude Include="DestructableObject.h" />
    <ClInclude Include="GameManager.h" />
    <ClInclude Include="Entity.h" />
    <ClInclude Include="Game.h" />
    <ClInclude Include="libraries\raylib\include\raylib.h" />
    <ClInclude Include="libraries\raylib\include\raymath.h" />
    <ClInclude Include="libraries\raylib\include\rlgl.h" />
    <ClInclude Include="Loot.h" />
    <ClInclude Include="Player.h" />
    <ClInclude Include="Scene.h" />
    <ClInclude Include="SpriteRenderer.h" />
    <ClInclude Include="Enemy.h" />
    <ClInclude Include="Projectile.h" />
    <ClInclude Include="UI.h" />
    <ClInclude Include="TextureManager.h" />
    <ClInclude Include="SceneManager.h" />
    <ClInclude Include="Savepoint.h" />
  </ItemGroup>
</Project>